
Microsoft Visual Studio Solution File, Format Version 12.00
# Visual Studio Version 17
VisualStudioVersion = 17.14.36221.1 d17.14
MinimumVisualStudioVersion = 10.0.40219.1
Project("{FAE04EC0-301F-11D3-BF4B-00C04F79EFBC}") = "StajProjesi", "StajProjesi\StajProjesi.csproj", "{10DAC251-7CDF-49EF-BD82-7C9668BB8C2C}"
EndProject
Global
	GlobalSection(SolutionConfigurationPlatforms) = preSolution
		Debug|Any CPU = Debug|Any CPU
		Release|Any CPU = Release|Any CPU
	EndGlobalSection
	GlobalSection(ProjectConfigurationPlatforms) = postSolution
		{10DAC251-7CDF-49EF-BD82-7C9668BB8C2C}.Debug|Any CPU.ActiveCfg = Debug|Any CPU
		{10DAC251-7CDF-49EF-BD82-7C9668BB8C2C}.Debug|Any CPU.Build.0 = Debug|Any CPU
		{10DAC251-7CDF-49EF-BD82-7C9668BB8C2C}.Release|Any CPU.ActiveCfg = Release|Any CPU
		{10DAC251-7CDF-49EF-BD82-7C9668BB8C2C}.Release|Any CPU.Build.0 = Release|Any CPU
	EndGlobalSection
	GlobalSection(SolutionProperties) = preSolution
		HideSolutionNode = FALSE
	EndGlobalSection
	GlobalSection(ExtensibilityGlobals) = postSolution
		SolutionGuid = {24D6F368-FF2F-4B8B-8C9F-360F5A97A26A}
	EndGlobalSection
EndGlobal
